Microsoft Visual Studio Solution File, Format Version 12.00
# Visual Studio Version 17
VisualStudioVersion = 17.5.2.0
MinimumVisualStudioVersion = 10.0.40219.1
Project("{FAE04EC0-301F-11D3-BF4B-00C04F79EFBC}") = "yetizure", "yetizure.csproj", "{665F8F68-4778-C26B-B0EF-C3C60611D71A}"
EndProject
Global
	GlobalSection(SolutionConfigurationPlatforms) = preSolution
		Debug|Any CPU = Debug|Any CPU
		Release|Any CPU = Release|Any CPU
	EndGlobalSection
	GlobalSection(ProjectConfigurationPlatforms) = postSolution
		{665F8F68-4778-C26B-B0EF-C3C60611D71A}.Debug|Any CPU.ActiveCfg = Debug|Any CPU
		{665F8F68-4778-C26B-B0EF-C3C60611D71A}.Debug|Any CPU.Build.0 = Debug|Any CPU
		{665F8F68-4778-C26B-B0EF-C3C60611D71A}.Release|Any CPU.ActiveCfg = Release|Any CPU
		{665F8F68-4778-C26B-B0EF-C3C60611D71A}.Release|Any CPU.Build.0 = Release|Any CPU
	EndGlobalSection
	GlobalSection(SolutionProperties) = preSolution
		HideSolutionNode = FALSE
	EndGlobalSection
	GlobalSection(ExtensibilityGlobals) = postSolution
		SolutionGuid = {AB49F2EB-AE2C-49D3-B988-6F68F83F8571}
	EndGlobalSection
EndGlobal
